
Microsoft Visual Studio Solution File, Format Version 12.00
# Visual Studio Version 17
VisualStudioVersion = 17.14.36310.24
MinimumVisualStudioVersion = 10.0.40219.1
Project("{FAE04EC0-301F-11D3-BF4B-00C04F79EFBC}") = "Cofidis.API", "Cofidis.API\Cofidis.API.csproj", "{9EF51A0D-574F-4206-83A0-DA145CCDE342}"
EndProject
Project("{FAE04EC0-301F-11D3-BF4B-00C04F79EFBC}") = "Cofidis.Domain", "Cofidis.Domain\Cofidis.Domain.csproj", "{99D81992-BDD6-4346-A18E-A483C4BB5E81}"
EndProject
Project("{FAE04EC0-301F-11D3-BF4B-00C04F79EFBC}") = "Cofidis.Application", "Cofidis.Application\Cofidis.Application.csproj", "{BFF280CD-1ED5-45D0-B2AD-36D71D0A9C01}"
EndProject
Project("{FAE04EC0-301F-11D3-BF4B-00C04F79EFBC}") = "Cofidis.Infra", "Cofidis.Infra\Cofidis.Infra.csproj", "{B7A9F9D0-0C28-4185-A451-2EB6C0D497D0}"
EndProject
Project("{FAE04EC0-301F-11D3-BF4B-00C04F79EFBC}") = "Cofidis.Tests", "Cofidis.Tests\Cofidis.Tests.csproj", "{FFCAEE9D-0C50-4BD7-B716-2EA11E697760}"
EndProject
Global
	GlobalSection(SolutionConfigurationPlatforms) = preSolution
		Debug|Any CPU = Debug|Any CPU
		Release|Any CPU = Release|Any CPU
	EndGlobalSection
	GlobalSection(ProjectConfigurationPlatforms) = postSolution
		{9EF51A0D-574F-4206-83A0-DA145CCDE342}.Debug|Any CPU.ActiveCfg = Debug|Any CPU
		{9EF51A0D-574F-4206-83A0-DA145CCDE342}.Debug|Any CPU.Build.0 = Debug|Any CPU
		{9EF51A0D-574F-4206-83A0-DA145CCDE342}.Release|Any CPU.ActiveCfg = Release|Any CPU
		{9EF51A0D-574F-4206-83A0-DA145CCDE342}.Release|Any CPU.Build.0 = Release|Any CPU
		{99D81992-BDD6-4346-A18E-A483C4BB5E81}.Debug|Any CPU.ActiveCfg = Debug|Any CPU
		{99D81992-BDD6-4346-A18E-A483C4BB5E81}.Debug|Any CPU.Build.0 = Debug|Any CPU
		{99D81992-BDD6-4346-A18E-A483C4BB5E81}.Release|Any CPU.ActiveCfg = Release|Any CPU
		{99D81992-BDD6-4346-A18E-A483C4BB5E81}.Release|Any CPU.Build.0 = Release|Any CPU
		{BFF280CD-1ED5-45D0-B2AD-36D71D0A9C01}.Debug|Any CPU.ActiveCfg = Debug|Any CPU
		{BFF280CD-1ED5-45D0-B2AD-36D71D0A9C01}.Debug|Any CPU.Build.0 = Debug|Any CPU
		{BFF280CD-1ED5-45D0-B2AD-36D71D0A9C01}.Release|Any CPU.ActiveCfg = Release|Any CPU
		{BFF280CD-1ED5-45D0-B2AD-36D71D0A9C01}.Release|Any CPU.Build.0 = Release|Any CPU
		{B7A9F9D0-0C28-4185-A451-2EB6C0D497D0}.Debug|Any CPU.ActiveCfg = Debug|Any CPU
		{B7A9F9D0-0C28-4185-A451-2EB6C0D497D0}.Debug|Any CPU.Build.0 = Debug|Any CPU
		{B7A9F9D0-0C28-4185-A451-2EB6C0D497D0}.Release|Any CPU.ActiveCfg = Release|Any CPU
		{B7A9F9D0-0C28-4185-A451-2EB6C0D497D0}.Release|Any CPU.Build.0 = Release|Any CPU
		{FFCAEE9D-0C50-4BD7-B716-2EA11E697760}.Debug|Any CPU.ActiveCfg = Debug|Any CPU
		{FFCAEE9D-0C50-4BD7-B716-2EA11E697760}.Debug|Any CPU.Build.0 = Debug|Any CPU
		{FFCAEE9D-0C50-4BD7-B716-2EA11E697760}.Release|Any CPU.ActiveCfg = Release|Any CPU
		{FFCAEE9D-0C50-4BD7-B716-2EA11E697760}.Release|Any CPU.Build.0 = Release|Any CPU
	EndGlobalSection
	GlobalSection(SolutionProperties) = preSolution
		HideSolutionNode = FALSE
	EndGlobalSection
	GlobalSection(ExtensibilityGlobals) = postSolution
		SolutionGuid = {939FC65C-11DB-4E06-B7AA-E195F89F799C}
	EndGlobalSection
EndGlobal
